
Microsoft Visual Studio Solution File, Format Version 12.00
# Visual Studio Version 17
VisualStudioVersion = 17.5.002.0
MinimumVisualStudioVersion = 10.0.40219.1
Project("{9A19103F-16F7-4668-BE54-9A1E7A4F7556}") = "CLI", "CLI\CLI.csproj", "{8C38293A-7B79-4BD3-8577-4B64F90FABCD}"
EndProject
Project("{9A19103F-16F7-4668-BE54-9A1E7A4F7556}") = "MovieHelp", "MovieHelp\MovieHelp.csproj", "{763A15E8-5A11-4639-9038-5FA3D9DFC862}"
EndProject
Global
	GlobalSection(SolutionConfigurationPlatforms) = preSolution
		Debug|Any CPU = Debug|Any CPU
		Release|Any CPU = Release|Any CPU
	EndGlobalSection
	GlobalSection(ProjectConfigurationPlatforms) = postSolution
		{8C38293A-7B79-4BD3-8577-4B64F90FABCD}.Debug|Any CPU.ActiveCfg = Debug|Any CPU
		{8C38293A-7B79-4BD3-8577-4B64F90FABCD}.Debug|Any CPU.Build.0 = Debug|Any CPU
		{8C38293A-7B79-4BD3-8577-4B64F90FABCD}.Release|Any CPU.ActiveCfg = Release|Any CPU
		{8C38293A-7B79-4BD3-8577-4B64F90FABCD}.Release|Any CPU.Build.0 = Release|Any CPU
		{763A15E8-5A11-4639-9038-5FA3D9DFC862}.Debug|Any CPU.ActiveCfg = Debug|Any CPU
		{763A15E8-5A11-4639-9038-5FA3D9DFC862}.Debug|Any CPU.Build.0 = Debug|Any CPU
		{763A15E8-5A11-4639-9038-5FA3D9DFC862}.Release|Any CPU.ActiveCfg = Release|Any CPU
		{763A15E8-5A11-4639-9038-5FA3D9DFC862}.Release|Any CPU.Build.0 = Release|Any CPU
	EndGlobalSection
	GlobalSection(SolutionProperties) = preSolution
		HideSolutionNode = FALSE
	EndGlobalSection
	GlobalSection(ExtensibilityGlobals) = postSolution
		SolutionGuid = {FDDD9205-86D1-4134-A2C3-950FFD736A24}
	EndGlobalSection
EndGlobal
